// !$*UTF8*$!
{
	archiveVersion = 1;
	classes = {
	};
	objectVersion = 50;
	objects = {

/* Begin PBXBuildFile section */
		41112D7F25744AEA00B5C4ED /* ColorCollectionViewCell.swift in Sources */ = {isa = PBXBuildFile; fileRef = 41112D7E25744AEA00B5C4ED /* ColorCollectionViewCell.swift */; };
		4124F2CF2590E0DC00DBA261 /* AddTaskModel.swift in Sources */ = {isa = PBXBuildFile; fileRef = 4124F2CE2590E0DC00DBA261 /* AddTaskModel.swift */; };
		415888B72566EBD500E1FF5C /* AppDelegate.swift in Sources */ = {isa = PBXBuildFile; fileRef = 415888B62566EBD500E1FF5C /* AppDelegate.swift */; };
		415888B92566EBD500E1FF5C /* SceneDelegate.swift in Sources */ = {isa = PBXBuildFile; fileRef = 415888B82566EBD500E1FF5C /* SceneDelegate.swift */; };
		415888BB2566EBD500E1FF5C /* MainViewController.swift in Sources */ = {isa = PBXBuildFile; fileRef = 415888BA2566EBD500E1FF5C /* MainViewController.swift */; };
		415888BE2566EBD500E1FF5C /* Main.storyboard in Resources */ = {isa = PBXBuildFile; fileRef = 415888BC2566EBD500E1FF5C /* Main.storyboard */; };
		415888C02566EBD800E1FF5C /* Assets.xcassets in Resources */ = {isa = PBXBuildFile; fileRef = 415888BF2566EBD800E1FF5C /* Assets.xcassets */; };
		415888C32566EBD800E1FF5C /* LaunchScreen.storyboard in Resources */ = {isa = PBXBuildFile; fileRef = 415888C12566EBD800E1FF5C /* LaunchScreen.storyboard */; };
		415888D42566EFDA00E1FF5C /* Extensions.swift in Sources */ = {isa = PBXBuildFile; fileRef = 415888D32566EFDA00E1FF5C /* Extensions.swift */; };
		41672E0425E191BD0002FEE6 /* MainModel.swift in Sources */ = {isa = PBXBuildFile; fileRef = 41672E0325E191BD0002FEE6 /* MainModel.swift */; };
		41769C0B27B5AE6A00AE7079 /* Enumerations.swift in Sources */ = {isa = PBXBuildFile; fileRef = 41769C0A27B5AE6A00AE7079 /* Enumerations.swift */; };
		4185D2E825DC5B22001EDDBA /* Constants.swift in Sources */ = {isa = PBXBuildFile; fileRef = 4185D2E725DC5B22001EDDBA /* Constants.swift */; };
		4193751F25DD970600B6AD30 /* Task+CoreDataClass.swift in Sources */ = {isa = PBXBuildFile; fileRef = 4193751D25DD970600B6AD30 /* Task+CoreDataClass.swift */; };
		4193752025DD970600B6AD30 /* Task+CoreDataProperties.swift in Sources */ = {isa = PBXBuildFile; fileRef = 4193751E25DD970600B6AD30 /* Task+CoreDataProperties.swift */; };
		4194A33C25703EC7008F3A33 /* AddTaskViewController.swift in Sources */ = {isa = PBXBuildFile; fileRef = 4194A33B25703EC7008F3A33 /* AddTaskViewController.swift */; };
		41AEB2012580E71E000BB355 /* TaskModel.xcdatamodeld in Sources */ = {isa = PBXBuildFile; fileRef = 41AEB1FF2580E71E000BB355 /* TaskModel.xcdatamodeld */; };
		41AEB2042580E87E000BB355 /* PersistanceService.swift in Sources */ = {isa = PBXBuildFile; fileRef = 41AEB2032580E87E000BB355 /* PersistanceService.swift */; };
		41E2B9A62577EBC10008731A /* AddTask.storyboard in Resources */ = {isa = PBXBuildFile; fileRef = 41E2B9A52577EBC10008731A /* AddTask.storyboard */; };
		41E2B9AE25780D2F0008731A /* UIStoryboardExtension.swift in Sources */ = {isa = PBXBuildFile; fileRef = 41E2B9AD25780D2F0008731A /* UIStoryboardExtension.swift */; };
		41F498BB2567D36500A9BAA2 /* TaskCell.swift in Sources */ = {isa = PBXBuildFile; fileRef = 41F498BA2567D36500A9BAA2 /* TaskCell.swift */; };
		41F498C52567E45100A9BAA2 /* SectionHeaderCell.swift in Sources */ = {isa = PBXBuildFile; fileRef = 41F498C42567E45100A9BAA2 /* SectionHeaderCell.swift */; };
/* End PBXBuildFile section */

/* Begin PBXFileReference section */
		41112D7E25744AEA00B5C4ED /* ColorCollectionViewCell.swift */ = {isa = PBXFileReference; lastKnownFileType = sourcecode.swift; path = ColorCollectionViewCell.swift; sourceTree = "<group>"; };
		4124F2CE2590E0DC00DBA261 /* AddTaskModel.swift */ = {isa = PBXFileReference; lastKnownFileType = sourcecode.swift; path = AddTaskModel.swift; sourceTree = "<group>"; };
		415888B32566EBD500E1FF5C /* TaskerCoreData.app */ = {isa = PBXFileReference; explicitFileType = wrapper.application; includeInIndex = 0; path = TaskerCoreData.app; sourceTree = BUILT_PRODUCTS_DIR; };
		415888B62566EBD500E1FF5C /* AppDelegate.swift */ = {isa = PBXFileReference; lastKnownFileType = sourcecode.swift; path = AppDelegate.swift; sourceTree = "<group>"; };
		415888B82566EBD500E1FF5C /* SceneDelegate.swift */ = {isa = PBXFileReference; lastKnownFileType = sourcecode.swift; path = SceneDelegate.swift; sourceTree = "<group>"; };
		415888BA2566EBD500E1FF5C /* MainViewController.swift */ = {isa = PBXFileReference; lastKnownFileType = sourcecode.swift; path = MainViewController.swift; sourceTree = "<group>"; };
		415888BD2566EBD500E1FF5C /* Base */ = {isa = PBXFileReference; lastKnownFileType = file.storyboard; name = Base; path = Base.lproj/Main.storyboard; sourceTree = "<group>"; };
		415888BF2566EBD800E1FF5C /* Assets.xcassets */ = {isa = PBXFileReference; lastKnownFileType = folder.assetcatalog; path = Assets.xcassets; sourceTree = "<group>"; };
		415888C22566EBD800E1FF5C /* Base */ = {isa = PBXFileReference; lastKnownFileType = file.storyboard; name = Base; path = Base.lproj/LaunchScreen.storyboard; sourceTree = "<group>"; };
		415888C42566EBD800E1FF5C /* Info.plist */ = {isa = PBXFileReference; lastKnownFileType = text.plist.xml; path = Info.plist; sourceTree = "<group>"; };
		415888D32566EFDA00E1FF5C /* Extensions.swift */ = {isa = PBXFileReference; lastKnownFileType = sourcecode.swift; path = Extensions.swift; sourceTree = "<group>"; };
		41672E0325E191BD0002FEE6 /* MainModel.swift */ = {isa = PBXFileReference; lastKnownFileType = sourcecode.swift; path = MainModel.swift; sourceTree = "<group>"; };
		41769C0A27B5AE6A00AE7079 /* Enumerations.swift */ = {isa = PBXFileReference; lastKnownFileType = sourcecode.swift; path = Enumerations.swift; sourceTree = "<group>"; };
		4185D2E725DC5B22001EDDBA /* Constants.swift */ = {isa = PBXFileReference; lastKnownFileType = sourcecode.swift; path = Constants.swift; sourceTree = "<group>"; };
		4193751D25DD970600B6AD30 /* Task+CoreDataClass.swift */ = {isa = PBXFileReference; lastKnownFileType = sourcecode.swift; path = "Task+CoreDataClass.swift"; sourceTree = "<group>"; };
		4193751E25DD970600B6AD30 /* Task+CoreDataProperties.swift */ = {isa = PBXFileReference; lastKnownFileType = sourcecode.swift; path = "Task+CoreDataProperties.swift"; sourceTree = "<group>"; };
		4194A33B25703EC7008F3A33 /* AddTaskViewController.swift */ = {isa = PBXFileReference; lastKnownFileType = sourcecode.swift; path = AddTaskViewController.swift; sourceTree = "<group>"; };
		41AEB2002580E71E000BB355 /* TaskModel.xcdatamodel */ = {isa = PBXFileReference; lastKnownFileType = wrapper.xcdatamodel; path = TaskModel.xcdatamodel; sourceTree = "<group>"; };
		41AEB2032580E87E000BB355 /* PersistanceService.swift */ = {isa = PBXFileReference; lastKnownFileType = sourcecode.swift; path = PersistanceService.swift; sourceTree = "<group>"; };
		41E2B9A52577EBC10008731A /* AddTask.storyboard */ = {isa = PBXFileReference; lastKnownFileType = file.storyboard; path = AddTask.storyboard; sourceTree = "<group>"; };
		41E2B9AD25780D2F0008731A /* UIStoryboardExtension.swift */ = {isa = PBXFileReference; lastKnownFileType = sourcecode.swift; path = UIStoryboardExtension.swift; sourceTree = "<group>"; };
		41F498BA2567D36500A9BAA2 /* TaskCell.swift */ = {isa = PBXFileReference; lastKnownFileType = sourcecode.swift; path = TaskCell.swift; sourceTree = "<group>"; };
		41F498C42567E45100A9BAA2 /* SectionHeaderCell.swift */ = {isa = PBXFileReference; lastKnownFileType = sourcecode.swift; path = SectionHeaderCell.swift; sourceTree = "<group>"; };
/* End PBXFileReference section */

/* Begin PBXFrameworksBuildPhase section */
		415888B02566EBD500E1FF5C /* Frameworks */ = {
			isa = PBXFrameworksBuildPhase;
			buildActionMask = 2147483647;
			files = (
			);
			runOnlyForDeploymentPostprocessing = 0;
		};
/* End PBXFrameworksBuildPhase section */

/* Begin PBXGroup section */
		41112D7B25744A9100B5C4ED /* CollectionView Cell */ = {
			isa = PBXGroup;
			children = (
				41112D7E25744AEA00B5C4ED /* ColorCollectionViewCell.swift */,
			);
			path = "CollectionView Cell";
			sourceTree = "<group>";
		};
		415888AA2566EBD500E1FF5C = {
			isa = PBXGroup;
			children = (
				415888B52566EBD500E1FF5C /* TaskerCoreData */,
				415888B42566EBD500E1FF5C /* Products */,
			);
			sourceTree = "<group>";
		};
		415888B42566EBD500E1FF5C /* Products */ = {
			isa = PBXGroup;
			children = (
				415888B32566EBD500E1FF5C /* TaskerCoreData.app */,
			);
			name = Products;
			sourceTree = "<group>";
		};
		415888B52566EBD500E1FF5C /* TaskerCoreData */ = {
			isa = PBXGroup;
			children = (
				415888CF2566EC9300E1FF5C /* Assets */,
				415888D12566EFAB00E1FF5C /* Extensions */,
				415888CC2566EC3B00E1FF5C /* Scenes */,
				415888CB2566EC2F00E1FF5C /* Supporting Files */,
				41F498BE2567D68600A9BAA2 /* Persistence Service */,
				415888CD2566EC4600E1FF5C /* Storyboards */,
				415888C42566EBD800E1FF5C /* Info.plist */,
			);
			path = TaskerCoreData;
			sourceTree = "<group>";
		};
		415888CB2566EC2F00E1FF5C /* Supporting Files */ = {
			isa = PBXGroup;
			children = (
				415888B62566EBD500E1FF5C /* AppDelegate.swift */,
				415888B82566EBD500E1FF5C /* SceneDelegate.swift */,
				4185D2E725DC5B22001EDDBA /* Constants.swift */,
				41769C0A27B5AE6A00AE7079 /* Enumerations.swift */,
			);
			path = "Supporting Files";
			sourceTree = "<group>";
		};
		415888CC2566EC3B00E1FF5C /* Scenes */ = {
			isa = PBXGroup;
			children = (
				41F498B82567D30000A9BAA2 /* AddTask */,
				41F498B72567D2F200A9BAA2 /* Main */,
			);
			path = Scenes;
			sourceTree = "<group>";
		};
		415888CD2566EC4600E1FF5C /* Storyboards */ = {
			isa = PBXGroup;
			children = (
				415888BC2566EBD500E1FF5C /* Main.storyboard */,
				41E2B9A52577EBC10008731A /* AddTask.storyboard */,
				415888C12566EBD800E1FF5C /* LaunchScreen.storyboard */,
			);
			path = Storyboards;
			sourceTree = "<group>";
		};
		415888CF2566EC9300E1FF5C /* Assets */ = {
			isa = PBXGroup;
			children = (
				415888BF2566EBD800E1FF5C /* Assets.xcassets */,
			);
			path = Assets;
			sourceTree = "<group>";
		};
		415888D12566EFAB00E1FF5C /* Extensions */ = {
			isa = PBXGroup;
			children = (
				415888D32566EFDA00E1FF5C /* Extensions.swift */,
				41E2B9AD25780D2F0008731A /* UIStoryboardExtension.swift */,
			);
			path = Extensions;
			sourceTree = "<group>";
		};
		41F498B72567D2F200A9BAA2 /* Main */ = {
			isa = PBXGroup;
			children = (
				41672E0325E191BD0002FEE6 /* MainModel.swift */,
				415888BA2566EBD500E1FF5C /* MainViewController.swift */,
				41F498B92567D31B00A9BAA2 /* TableView Cells */,
			);
			path = Main;
			sourceTree = "<group>";
		};
		41F498B82567D30000A9BAA2 /* AddTask */ = {
			isa = PBXGroup;
			children = (
				4124F2CE2590E0DC00DBA261 /* AddTaskModel.swift */,
				4194A33B25703EC7008F3A33 /* AddTaskViewController.swift */,
				41112D7B25744A9100B5C4ED /* CollectionView Cell */,
			);
			path = AddTask;
			sourceTree = "<group>";
		};
		41F498B92567D31B00A9BAA2 /* TableView Cells */ = {
			isa = PBXGroup;
			children = (
				41F498BA2567D36500A9BAA2 /* TaskCell.swift */,
				41F498C42567E45100A9BAA2 /* SectionHeaderCell.swift */,
			);
			path = "TableView Cells";
			sourceTree = "<group>";
		};
		41F498BE2567D68600A9BAA2 /* Persistence Service */ = {
			isa = PBXGroup;
			children = (
				4193751D25DD970600B6AD30 /* Task+CoreDataClass.swift */,
				4193751E25DD970600B6AD30 /* Task+CoreDataProperties.swift */,
				41AEB1FF2580E71E000BB355 /* TaskModel.xcdatamodeld */,
				41AEB2032580E87E000BB355 /* PersistanceService.swift */,
			);
			path = "Persistence Service";
			sourceTree = "<group>";
		};
/* End PBXGroup section */

/* Begin PBXNativeTarget section */
		415888B22566EBD500E1FF5C /* TaskerCoreData */ = {
			isa = PBXNativeTarget;
			buildConfigurationList = 415888C72566EBD800E1FF5C /* Build configuration list for PBXNativeTarget "TaskerCoreData" */;
			buildPhases = (
				415888AF2566EBD500E1FF5C /* Sources */,
				415888B02566EBD500E1FF5C /* Frameworks */,
				415888B12566EBD500E1FF5C /* Resources */,
			);
			buildRules = (
			);
			dependencies = (
			);
			name = TaskerCoreData;
			productName = TaskerCoreData;
			productReference = 415888B32566EBD500E1FF5C /* TaskerCoreData.app */;
			productType = "com.apple.product-type.application";
		};
/* End PBXNativeTarget section */

/* Begin PBXProject section */
		415888AB2566EBD500E1FF5C /* Project object */ = {
			isa = PBXProject;
			attributes = {
				LastSwiftUpdateCheck = 1210;
				LastUpgradeCheck = 1210;
				TargetAttributes = {
					415888B22566EBD500E1FF5C = {
						CreatedOnToolsVersion = 12.1;
					};
				};
			};
			buildConfigurationList = 415888AE2566EBD500E1FF5C /* Build configuration list for PBXProject "TaskerCoreData" */;
			compatibilityVersion = "Xcode 9.3";
			developmentRegion = en;
			hasScannedForEncodings = 0;
			knownRegions = (
				en,
				Base,
			);
			mainGroup = 415888AA2566EBD500E1FF5C;
			productRefGroup = 415888B42566EBD500E1FF5C /* Products */;
			projectDirPath = "";
			projectRoot = "";
			targets = (
				415888B22566EBD500E1FF5C /* TaskerCoreData */,
			);
		};
/* End PBXProject section */

/* Begin PBXResourcesBuildPhase section */
		415888B12566EBD500E1FF5C /* Resources */ = {
			isa = PBXResourcesBuildPhase;
			buildActionMask = 2147483647;
			files = (
				415888C32566EBD800E1FF5C /* LaunchScreen.storyboard in Resources */,
				41E2B9A62577EBC10008731A /* AddTask.storyboard in Resources */,
				415888C02566EBD800E1FF5C /* Assets.xcassets in Resources */,
				415888BE2566EBD500E1FF5C /* Main.storyboard in Resources */,
			);
			runOnlyForDeploymentPostprocessing = 0;
		};
/* End PBXResourcesBuildPhase section */

/* Begin PBXSourcesBuildPhase section */
		415888AF2566EBD500E1FF5C /* Sources */ = {
			isa = PBXSourcesBuildPhase;
			buildActionMask = 2147483647;
			files = (
				41672E0425E191BD0002FEE6 /* MainModel.swift in Sources */,
				41AEB2012580E71E000BB355 /* TaskModel.xcdatamodeld in Sources */,
				4194A33C25703EC7008F3A33 /* AddTaskViewController.swift in Sources */,
				41769C0B27B5AE6A00AE7079 /* Enumerations.swift in Sources */,
				4193751F25DD970600B6AD30 /* Task+CoreDataClass.swift in Sources */,
				41112D7F25744AEA00B5C4ED /* ColorCollectionViewCell.swift in Sources */,
				41AEB2042580E87E000BB355 /* PersistanceService.swift in Sources */,
				41E2B9AE25780D2F0008731A /* UIStoryboardExtension.swift in Sources */,
				415888BB2566EBD500E1FF5C /* MainViewController.swift in Sources */,
				4124F2CF2590E0DC00DBA261 /* AddTaskModel.swift in Sources */,
				4185D2E825DC5B22001EDDBA /* Constants.swift in Sources */,
				41F498C52567E45100A9BAA2 /* SectionHeaderCell.swift in Sources */,
				415888B72566EBD500E1FF5C /* AppDelegate.swift in Sources */,
				415888B92566EBD500E1FF5C /* SceneDelegate.swift in Sources */,
				415888D42566EFDA00E1FF5C /* Extensions.swift in Sources */,
				4193752025DD970600B6AD30 /* Task+CoreDataProperties.swift in Sources */,
				41F498BB2567D36500A9BAA2 /* TaskCell.swift in Sources */,
			);
			runOnlyForDeploymentPostprocessing = 0;
		};
/* End PBXSourcesBuildPhase section */

/* Begin PBXVariantGroup section */
		415888BC2566EBD500E1FF5C /* Main.storyboard */ = {
			isa = PBXVariantGroup;
			children = (
				415888BD2566EBD500E1FF5C /* Base */,
			);
			name = Main.storyboard;
			sourceTree = "<group>";
		};
		415888C12566EBD800E1FF5C /* LaunchScreen.storyboard */ = {
			isa = PBXVariantGroup;
			children = (
				415888C22566EBD800E1FF5C /* Base */,
			);
			name = LaunchScreen.storyboard;
			sourceTree = "<group>";
		};
/* End PBXVariantGroup section */

/* Begin XCBuildConfiguration section */
		415888C52566EBD800E1FF5C /* Debug */ = {
			isa = XCBuildConfiguration;
			buildSettings = {
				ALWAYS_SEARCH_USER_PATHS = NO;
				CLANG_ANALYZER_NONNULL = YES;
				CLANG_ANALYZER_NUMBER_OBJECT_CONVERSION = YES_AGGRESSIVE;
				CLANG_CXX_LANGUAGE_STANDARD = "gnu++14";
				CLANG_CXX_LIBRARY = "libc++";
				CLANG_ENABLE_MODULES = YES;
				CLANG_ENABLE_OBJC_ARC = YES;
				CLANG_ENABLE_OBJC_WEAK = YES;
				CLANG_WARN_BLOCK_CAPTURE_AUTORELEASING = YES;
				CLANG_WARN_BOOL_CONVERSION = YES;
				CLANG_WARN_COMMA = YES;
				CLANG_WARN_CONSTANT_CONVERSION = YES;
				CLANG_WARN_DEPRECATED_OBJC_IMPLEMENTATIONS = YES;
				CLANG_WARN_DIRECT_OBJC_ISA_USAGE = YES_ERROR;
				CLANG_WARN_DOCUMENTATION_COMMENTS = YES;
				CLANG_WARN_EMPTY_BODY = YES;
				CLANG_WARN_ENUM_CONVERSION = YES;
				CLANG_WARN_INFINITE_RECURSION = YES;
				CLANG_WARN_INT_CONVERSION = YES;
				CLANG_WARN_NON_LITERAL_NULL_CONVERSION = YES;
				CLANG_WARN_OBJC_IMPLICIT_RETAIN_SELF = YES;
				CLANG_WARN_OBJC_LITERAL_CONVERSION = YES;
				CLANG_WARN_OBJC_ROOT_CLASS = YES_ERROR;
				CLANG_WARN_QUOTED_INCLUDE_IN_FRAMEWORK_HEADER = YES;
				CLANG_WARN_RANGE_LOOP_ANALYSIS = YES;
				CLANG_WARN_STRICT_PROTOTYPES = YES;
				CLANG_WARN_SUSPICIOUS_MOVE = YES;
				CLANG_WARN_UNGUARDED_AVAILABILITY = YES_AGGRESSIVE;
				CLANG_WARN_UNREACHABLE_CODE = YES;
				CLANG_WARN__DUPLICATE_METHOD_MATCH = YES;
				COPY_PHASE_STRIP = NO;
				DEBUG_INFORMATION_FORMAT = dwarf;
				ENABLE_STRICT_OBJC_MSGSEND = YES;
				ENABLE_TESTABILITY = YES;
				GCC_C_LANGUAGE_STANDARD = gnu11;
				GCC_DYNAMIC_NO_PIC = NO;
				GCC_NO_COMMON_BLOCKS = YES;
				GCC_OPTIMIZATION_LEVEL = 0;
				GCC_PREPROCESSOR_DEFINITIONS = (
					"DEBUG=1",
					"$(inherited)",
				);
				GCC_WARN_64_TO_32_BIT_CONVERSION = YES;
				GCC_WARN_ABOUT_RETURN_TYPE = YES_ERROR;
				GCC_WARN_UNDECLARED_SELECTOR = YES;
				GCC_WARN_UNINITIALIZED_AUTOS = YES_AGGRESSIVE;
				GCC_WARN_UNUSED_FUNCTION = YES;
				GCC_WARN_UNUSED_VARIABLE = YES;
				IPHONEOS_DEPLOYMENT_TARGET = 14.1;
				MTL_ENABLE_DEBUG_INFO = INCLUDE_SOURCE;
				MTL_FAST_MATH = YES;
				ONLY_ACTIVE_ARCH = YES;
				SDKROOT = iphoneos;
				SWIFT_ACTIVE_COMPILATION_CONDITIONS = DEBUG;
				SWIFT_OPTIMIZATION_LEVEL = "-Onone";
			};
			name = Debug;
		};
		415888C62566EBD800E1FF5C /* Release */ = {
			isa = XCBuildConfiguration;
			buildSettings = {
				ALWAYS_SEARCH_USER_PATHS = NO;
				CLANG_ANALYZER_NONNULL = YES;
				CLANG_ANALYZER_NUMBER_OBJECT_CONVERSION = YES_AGGRESSIVE;
				CLANG_CXX_LANGUAGE_STANDARD = "gnu++14";
				CLANG_CXX_LIBRARY = "libc++";
				CLANG_ENABLE_MODULES = YES;
				CLANG_ENABLE_OBJC_ARC = YES;
				CLANG_ENABLE_OBJC_WEAK = YES;
				CLANG_WARN_BLOCK_CAPTURE_AUTORELEASING = YES;
				CLANG_WARN_BOOL_CONVERSION = YES;
				CLANG_WARN_COMMA = YES;
				CLANG_WARN_CONSTANT_CONVERSION = YES;
				CLANG_WARN_DEPRECATED_OBJC_IMPLEMENTATIONS = YES;
				CLANG_WARN_DIRECT_OBJC_ISA_USAGE = YES_ERROR;
				CLANG_WARN_DOCUMENTATION_COMMENTS = YES;
				CLANG_WARN_EMPTY_BODY = YES;
				CLANG_WARN_ENUM_CONVERSION = YES;
				CLANG_WARN_INFINITE_RECURSION = YES;
				CLANG_WARN_INT_CONVERSION = YES;
				CLANG_WARN_NON_LITERAL_NULL_CONVERSION = YES;
				CLANG_WARN_OBJC_IMPLICIT_RETAIN_SELF = YES;
				CLANG_WARN_OBJC_LITERAL_CONVERSION = YES;
				CLANG_WARN_OBJC_ROOT_CLASS = YES_ERROR;
				CLANG_WARN_QUOTED_INCLUDE_IN_FRAMEWORK_HEADER = YES;
				CLANG_WARN_RANGE_LOOP_ANALYSIS = YES;
				CLANG_WARN_STRICT_PROTOTYPES = YES;
				CLANG_WARN_SUSPICIOUS_MOVE = YES;
				CLANG_WARN_UNGUARDED_AVAILABILITY = YES_AGGRESSIVE;
				CLANG_WARN_UNREACHABLE_CODE = YES;
				CLANG_WARN__DUPLICATE_METHOD_MATCH = YES;
				COPY_PHASE_STRIP = NO;
				DEBUG_INFORMATION_FORMAT = "dwarf-with-dsym";
				ENABLE_NS_ASSERTIONS = NO;
				ENABLE_STRICT_OBJC_MSGSEND = YES;
				GCC_C_LANGUAGE_STANDARD = gnu11;
				GCC_NO_COMMON_BLOCKS = YES;
				GCC_WARN_64_TO_32_BIT_CONVERSION = YES;
				GCC_WARN_ABOUT_RETURN_TYPE = YES_ERROR;
				GCC_WARN_UNDECLARED_SELECTOR = YES;
				GCC_WARN_UNINITIALIZED_AUTOS = YES_AGGRESSIVE;
				GCC_WARN_UNUSED_FUNCTION = YES;
				GCC_WARN_UNUSED_VARIABLE = YES;
				IPHONEOS_DEPLOYMENT_TARGET = 14.1;
				MTL_ENABLE_DEBUG_INFO = NO;
				MTL_FAST_MATH = YES;
				SDKROOT = iphoneos;
				SWIFT_COMPILATION_MODE = wholemodule;
				SWIFT_OPTIMIZATION_LEVEL = "-O";
				VALIDATE_PRODUCT = YES;
			};
			name = Release;
		};
		415888C82566EBD800E1FF5C /* Debug */ = {
			isa = XCBuildConfiguration;
			buildSettings = {
				ASSETCATALOG_COMPILER_APPICON_NAME = AppIcon;
				ASSETCATALOG_COMPILER_GLOBAL_ACCENT_COLOR_NAME = AccentColor;
				CODE_SIGN_STYLE = Automatic;
				DEVELOPMENT_TEAM = B8RGLV2A85;
				INFOPLIST_FILE = TaskerCoreData/Info.plist;
				LD_RUNPATH_SEARCH_PATHS = (
					"$(inherited)",
					"@executable_path/Frameworks",
				);
				PRODUCT_BUNDLE_IDENTIFIER = radapp.TaskerCoreData;
				PRODUCT_NAME = "$(TARGET_NAME)";
				SWIFT_VERSION = 5.0;
				TARGETED_DEVICE_FAMILY = "1,2";
			};
			name = Debug;
		};
		415888C92566EBD800E1FF5C /* Release */ = {
			isa = XCBuildConfiguration;
			buildSettings = {
				ASSETCATALOG_COMPILER_APPICON_NAME = AppIcon;
				ASSETCATALOG_COMPILER_GLOBAL_ACCENT_COLOR_NAME = AccentColor;
				CODE_SIGN_STYLE = Automatic;
				DEVELOPMENT_TEAM = B8RGLV2A85;
				INFOPLIST_FILE = TaskerCoreData/Info.plist;
				LD_RUNPATH_SEARCH_PATHS = (
					"$(inherited)",
					"@executable_path/Frameworks",
				);
				PRODUCT_BUNDLE_IDENTIFIER = radapp.TaskerCoreData;
				PRODUCT_NAME = "$(TARGET_NAME)";
				SWIFT_VERSION = 5.0;
				TARGETED_DEVICE_FAMILY = "1,2";
			};
			name = Release;
		};
/* End XCBuildConfiguration section */

/* Begin XCConfigurationList section */
		415888AE2566EBD500E1FF5C /* Build configuration list for PBXProject "TaskerCoreData" */ = {
			isa = XCConfigurationList;
			buildConfigurations = (
				415888C52566EBD800E1FF5C /* Debug */,
				415888C62566EBD800E1FF5C /* Release */,
			);
			defaultConfigurationIsVisible = 0;
			defaultConfigurationName = Release;
		};
		415888C72566EBD800E1FF5C /* Build configuration list for PBXNativeTarget "TaskerCoreData" */ = {
			isa = XCConfigurationList;
			buildConfigurations = (
				415888C82566EBD800E1FF5C /* Debug */,
				415888C92566EBD800E1FF5C /* Release */,
			);
			defaultConfigurationIsVisible = 0;
			defaultConfigurationName = Release;
		};
/* End XCConfigurationList section */

/* Begin XCVersionGroup section */
		41AEB1FF2580E71E000BB355 /* TaskModel.xcdatamodeld */ = {
			isa = XCVersionGroup;
			children = (
				41AEB2002580E71E000BB355 /* TaskModel.xcdatamodel */,
			);
			currentVersion = 41AEB2002580E71E000BB355 /* TaskModel.xcdatamodel */;
			path = TaskModel.xcdatamodeld;
			sourceTree = "<group>";
			versionGroupType = wrapper.xcdatamodel;
		};
/* End XCVersionGroup section */
	};
	rootObject = 415888AB2566EBD500E1FF5C /* Project object */;
}
